
Microsoft Visual Studio Solution File, Format Version 12.00
# Visual Studio Version 17
VisualStudioVersion = 17.7.34221.43
MinimumVisualStudioVersion = 10.0.40219.1
Project("{9A19103F-16F7-4668-BE54-9A1E7A4F7556}") = "NormalizeJapaneseAddressesNET", "NormalizeJapaneseAddressesNET\NormalizeJapaneseAddressesNET.csproj", "{4E401B22-4029-4D63-B245-DCED83E45C71}"
EndProject
Project("{9A19103F-16F7-4668-BE54-9A1E7A4F7556}") = "JapaneseNumeralNET", "JapaneseNumeralNET\JapaneseNumeralNET.csproj", "{94643C99-F2D8-4160-87BF-F5782E6D1384}"
EndProject
Project("{9A19103F-16F7-4668-BE54-9A1E7A4F7556}") = "JapaneseNumeralNET.Tests", "JapaneseNumeralNET.Tests\JapaneseNumeralNET.Tests.csproj", "{6C48D9AE-1274-4B70-B0E8-56A8F6CBD130}"
EndProject
Project("{9A19103F-16F7-4668-BE54-9A1E7A4F7556}") = "NormalizeJapaneseAddressesNET.Tests", "NormalizeJapaneseAddressesNET.Tests\NormalizeJapaneseAddressesNET.Tests.csproj", "{88F56804-0F0C-4476-9DD0-1B62EE6E67B7}"
EndProject
Project("{9A19103F-16F7-4668-BE54-9A1E7A4F7556}") = "NormalizeDemo", "NormalizeDemo\NormalizeDemo.csproj", "{674B45EA-CD19-43BB-989C-C1635BC18D83}"
EndProject
Project("{2150E333-8FDC-42A3-9474-1A3956D46DE8}") = "Files", "Files", "{C473F9DF-3C15-4A59-9B62-C9E97750C16B}"
	ProjectSection(SolutionItems) = preProject
		CREDITS.txt = CREDITS.txt
		LICENSE.txt = LICENSE.txt
		README.md = README.md
	EndProjectSection
EndProject
Global
	GlobalSection(SolutionConfigurationPlatforms) = preSolution
		Debug|Any CPU = Debug|Any CPU
		Release|Any CPU = Release|Any CPU
	EndGlobalSection
	GlobalSection(ProjectConfigurationPlatforms) = postSolution
		{4E401B22-4029-4D63-B245-DCED83E45C71}.Debug|Any CPU.ActiveCfg = Debug|Any CPU
		{4E401B22-4029-4D63-B245-DCED83E45C71}.Debug|Any CPU.Build.0 = Debug|Any CPU
		{4E401B22-4029-4D63-B245-DCED83E45C71}.Release|Any CPU.ActiveCfg = Release|Any CPU
		{4E401B22-4029-4D63-B245-DCED83E45C71}.Release|Any CPU.Build.0 = Release|Any CPU
		{94643C99-F2D8-4160-87BF-F5782E6D1384}.Debug|Any CPU.ActiveCfg = Debug|Any CPU
		{94643C99-F2D8-4160-87BF-F5782E6D1384}.Debug|Any CPU.Build.0 = Debug|Any CPU
		{94643C99-F2D8-4160-87BF-F5782E6D1384}.Release|Any CPU.ActiveCfg = Release|Any CPU
		{94643C99-F2D8-4160-87BF-F5782E6D1384}.Release|Any CPU.Build.0 = Release|Any CPU
		{6C48D9AE-1274-4B70-B0E8-56A8F6CBD130}.Debug|Any CPU.ActiveCfg = Debug|Any CPU
		{6C48D9AE-1274-4B70-B0E8-56A8F6CBD130}.Debug|Any CPU.Build.0 = Debug|Any CPU
		{6C48D9AE-1274-4B70-B0E8-56A8F6CBD130}.Release|Any CPU.ActiveCfg = Release|Any CPU
		{6C48D9AE-1274-4B70-B0E8-56A8F6CBD130}.Release|Any CPU.Build.0 = Release|Any CPU
		{88F56804-0F0C-4476-9DD0-1B62EE6E67B7}.Debug|Any CPU.ActiveCfg = Debug|Any CPU
		{88F56804-0F0C-4476-9DD0-1B62EE6E67B7}.Debug|Any CPU.Build.0 = Debug|Any CPU
		{88F56804-0F0C-4476-9DD0-1B62EE6E67B7}.Release|Any CPU.ActiveCfg = Release|Any CPU
		{88F56804-0F0C-4476-9DD0-1B62EE6E67B7}.Release|Any CPU.Build.0 = Release|Any CPU
		{674B45EA-CD19-43BB-989C-C1635BC18D83}.Debug|Any CPU.ActiveCfg = Debug|Any CPU
		{674B45EA-CD19-43BB-989C-C1635BC18D83}.Debug|Any CPU.Build.0 = Debug|Any CPU
		{674B45EA-CD19-43BB-989C-C1635BC18D83}.Release|Any CPU.ActiveCfg = Release|Any CPU
		{674B45EA-CD19-43BB-989C-C1635BC18D83}.Release|Any CPU.Build.0 = Release|Any CPU
	EndGlobalSection
	GlobalSection(SolutionProperties) = preSolution
		HideSolutionNode = FALSE
	EndGlobalSection
	GlobalSection(ExtensibilityGlobals) = postSolution
		SolutionGuid = {DC2C8A35-AA18-4A13-BBF9-7E6596C06FC9}
	EndGlobalSection
EndGlobal
